
Microsoft Visual Studio Solution File, Format Version 12.00
# Visual Studio Version 17
VisualStudioVersion = 17.1.32328.378
MinimumVisualStudioVersion = 10.0.40219.1
Project("{FAE04EC0-301F-11D3-BF4B-00C04F79EFBC}") = "Exercicio3", "Exercicio3\Exercicio3.csproj", "{972425AE-E3B7-46AC-B710-5733D64F34BD}"
EndProject
Global
	GlobalSection(SolutionConfigurationPlatforms) = preSolution
		Debug|Any CPU = Debug|Any CPU
		Release|Any CPU = Release|Any CPU
	EndGlobalSection
	GlobalSection(ProjectConfigurationPlatforms) = postSolution
		{972425AE-E3B7-46AC-B710-5733D64F34BD}.Debug|Any CPU.ActiveCfg = Debug|Any CPU
		{972425AE-E3B7-46AC-B710-5733D64F34BD}.Debug|Any CPU.Build.0 = Debug|Any CPU
		{972425AE-E3B7-46AC-B710-5733D64F34BD}.Release|Any CPU.ActiveCfg = Release|Any CPU
		{972425AE-E3B7-46AC-B710-5733D64F34BD}.Release|Any CPU.Build.0 = Release|Any CPU
	EndGlobalSection
	GlobalSection(SolutionProperties) = preSolution
		HideSolutionNode = FALSE
	EndGlobalSection
	GlobalSection(ExtensibilityGlobals) = postSolution
		SolutionGuid = {D3279289-5B93-41E5-866A-D0C92FF2C25A}
	EndGlobalSection
EndGlobal
